
Microsoft Visual Studio Solution File, Format Version 12.00
# Visual Studio Version 17
VisualStudioVersion = 17.0.31903.59
MinimumVisualStudioVersion = 10.0.40219.1
Project("{FAE04EC0-301F-11D3-BF4B-00C04F79EFBC}") = "Project1", "project1\Project1.csproj", "{B29D02C0-0513-463C-A42D-A36092570CFE}"
EndProject
Global
	GlobalSection(SolutionConfigurationPlatforms) = preSolution
		Debug|Any CPU = Debug|Any CPU
		Release|Any CPU = Release|Any CPU
	EndGlobalSection
	GlobalSection(SolutionProperties) = preSolution
		HideSolutionNode = FALSE
	EndGlobalSection
	GlobalSection(ProjectConfigurationPlatforms) = postSolution
		{B29D02C0-0513-463C-A42D-A36092570CFE}.Debug|Any CPU.ActiveCfg = Debug|Any CPU
		{B29D02C0-0513-463C-A42D-A36092570CFE}.Debug|Any CPU.Build.0 = Debug|Any CPU
		{B29D02C0-0513-463C-A42D-A36092570CFE}.Release|Any CPU.ActiveCfg = Release|Any CPU
		{B29D02C0-0513-463C-A42D-A36092570CFE}.Release|Any CPU.Build.0 = Release|Any CPU
	EndGlobalSection
EndGlobal
